dependencies:
- name: common
  repository: https://charts.bitnami.com/bitnami
  version: 1.17.1
- name: postgresql
  repository: https://charts.bitnami.com/bitnami
  version: 11.9.13
digest: sha256:3ff0d1bfbb6136f71f0e18a471aae8575ba1c85f9b4ef37cac2139c252d62717
generated: "2023-03-09T15:43:49.650841969Z"
