dependencies:
- name: common
  repository: https://charts.bitnami.com/bitnami
  version: 2.18.0
- name: postgresql
  repository: https://charts.bitnami.com/bitnami
  version: 14.3.1
digest: sha256:36a28a417628aa8a05f7f2cdc9ee41520749cf62891eec4661373c5cbaad2c9a
generated: "2024-03-07T14:03:38.28955075Z"
