dependencies:
- name: common
  repository: https://charts.bitnami.com/bitnami
  version: 1.17.1
- name: postgresql
  repository: https://charts.bitnami.com/bitnami
  version: 11.9.13
digest: sha256:8ca23bbad21243cb98212f5aa29ccb29a9ac82efb9d1ca34a872d4443c0dcc55
generated: "2023-04-21T10:50:13.685994324+01:00"
