dependencies:
- name: common
  repository: https://charts.bitnami.com/bitnami
  version: 1.17.1
- name: postgresql
  repository: https://charts.bitnami.com/bitnami
  version: 11.9.13
digest: sha256:039dc6d72a06069f987fd701533cb5b3049ec04fa3eb485a8490b3cfc3f46a3f
generated: "2023-03-07T15:37:24.576248416Z"
